
Microsoft Visual Studio Solution File, Format Version 12.00
# Visual Studio Version 16
VisualStudioVersion = 16.0.31515.178
MinimumVisualStudioVersion = 10.0.40219.1
Project("{9A19103F-16F7-4668-BE54-9A1E7A4F7556}") = "ZhuoHeiChaCore", "ZhuoHeiChaCore\ZhuoHeiChaCore.csproj", "{67127C9B-8B44-4EF7-97EA-380013BA8680}"
EndProject
Project("{9A19103F-16F7-4668-BE54-9A1E7A4F7556}") = "ZhuoHeiChaConsole", "ZhuoHeiChaConsole\ZhuoHeiChaConsole.csproj", "{6B62C7FE-E4EB-46B7-8D27-0A987F8C028C}"
	ProjectSection(ProjectDependencies) = postProject
		{67127C9B-8B44-4EF7-97EA-380013BA8680} = {67127C9B-8B44-4EF7-97EA-380013BA8680}
	EndProjectSection
EndProject
Project("{9A19103F-16F7-4668-BE54-9A1E7A4F7556}") = "ZhuoHeiChaCore.Test", "ZhuoHeiChaCore.Test\ZhuoHeiChaCore.Test.csproj", "{0DB5A766-5562-4A89-976C-62F2A6D4AD9E}"
EndProject
Project("{9A19103F-16F7-4668-BE54-9A1E7A4F7556}") = "ZhuoHeiChaFunctions", "ZhuoHeiChaFunctions\ZhuoHeiChaFunctions.csproj", "{6E12C019-E597-44B0-8DC2-CF8CCC17AE94}"
EndProject
Global
	GlobalSection(SolutionConfigurationPlatforms) = preSolution
		Debug|Any CPU = Debug|Any CPU
		Release|Any CPU = Release|Any CPU
	EndGlobalSection
	GlobalSection(ProjectConfigurationPlatforms) = postSolution
		{67127C9B-8B44-4EF7-97EA-380013BA8680}.Debug|Any CPU.ActiveCfg = Debug|Any CPU
		{67127C9B-8B44-4EF7-97EA-380013BA8680}.Debug|Any CPU.Build.0 = Debug|Any CPU
		{67127C9B-8B44-4EF7-97EA-380013BA8680}.Release|Any CPU.ActiveCfg = Release|Any CPU
		{67127C9B-8B44-4EF7-97EA-380013BA8680}.Release|Any CPU.Build.0 = Release|Any CPU
		{6B62C7FE-E4EB-46B7-8D27-0A987F8C028C}.Debug|Any CPU.ActiveCfg = Debug|Any CPU
		{6B62C7FE-E4EB-46B7-8D27-0A987F8C028C}.Debug|Any CPU.Build.0 = Debug|Any CPU
		{6B62C7FE-E4EB-46B7-8D27-0A987F8C028C}.Release|Any CPU.ActiveCfg = Release|Any CPU
		{6B62C7FE-E4EB-46B7-8D27-0A987F8C028C}.Release|Any CPU.Build.0 = Release|Any CPU
		{0DB5A766-5562-4A89-976C-62F2A6D4AD9E}.Debug|Any CPU.ActiveCfg = Debug|Any CPU
		{0DB5A766-5562-4A89-976C-62F2A6D4AD9E}.Debug|Any CPU.Build.0 = Debug|Any CPU
		{0DB5A766-5562-4A89-976C-62F2A6D4AD9E}.Release|Any CPU.ActiveCfg = Release|Any CPU
		{0DB5A766-5562-4A89-976C-62F2A6D4AD9E}.Release|Any CPU.Build.0 = Release|Any CPU
		{6E12C019-E597-44B0-8DC2-CF8CCC17AE94}.Debug|Any CPU.ActiveCfg = Debug|Any CPU
		{6E12C019-E597-44B0-8DC2-CF8CCC17AE94}.Debug|Any CPU.Build.0 = Debug|Any CPU
		{6E12C019-E597-44B0-8DC2-CF8CCC17AE94}.Release|Any CPU.ActiveCfg = Release|Any CPU
		{6E12C019-E597-44B0-8DC2-CF8CCC17AE94}.Release|Any CPU.Build.0 = Release|Any CPU
	EndGlobalSection
	GlobalSection(SolutionProperties) = preSolution
		HideSolutionNode = FALSE
	EndGlobalSection
	GlobalSection(ExtensibilityGlobals) = postSolution
		SolutionGuid = {0AA4B63E-6AE3-40BD-A885-FF5255A55A29}
	EndGlobalSection
EndGlobal
